
Microsoft Visual Studio Solution File, Format Version 12.00
# Visual Studio Version 17
VisualStudioVersion = 17.0.32014.148
MinimumVisualStudioVersion = 10.0.40219.1
Project("{2150E333-8FDC-42A3-9474-1A3956D46DE8}") = "Solution Items", "Solution Items", "{12CE1AA2-C4C3-486E-8BA4-C72A2ECC9456}"
	ProjectSection(SolutionItems) = preProject
		.editorconfig = .editorconfig
		docs\images\bindopen_icon.png = docs\images\bindopen_icon.png
		CREDITS.txt = CREDITS.txt
		docs\Current-Release-Note.md = docs\Current-Release-Note.md
		LICENSE = LICENSE
		README.md = README.md
		TODO.md = TODO.md
	EndProjectSection
EndProject
Project("{9A19103F-16F7-4668-BE54-9A1E7A4F7556}") = "Commands", "src\Commands\Commands.csproj", "{1728EF66-D1CF-4840-AD8D-762720F5FE10}"
EndProject
Project("{9A19103F-16F7-4668-BE54-9A1E7A4F7556}") = "Abstrations", "src\Abstrations\Abstrations.csproj", "{107A0C46-9601-40D2-ABE9-F84023BB1A84}"
EndProject
Project("{9A19103F-16F7-4668-BE54-9A1E7A4F7556}") = "Tests", "tests\Tests\Tests.csproj", "{872EECC8-35ED-4FBB-AF9A-7CE7BDC920E7}"
EndProject
Global
	GlobalSection(SolutionConfigurationPlatforms) = preSolution
		Debug|Any CPU = Debug|Any CPU
		Release|Any CPU = Release|Any CPU
	EndGlobalSection
	GlobalSection(ProjectConfigurationPlatforms) = postSolution
		{1728EF66-D1CF-4840-AD8D-762720F5FE10}.Debug|Any CPU.ActiveCfg = Debug|Any CPU
		{1728EF66-D1CF-4840-AD8D-762720F5FE10}.Debug|Any CPU.Build.0 = Debug|Any CPU
		{1728EF66-D1CF-4840-AD8D-762720F5FE10}.Release|Any CPU.ActiveCfg = Release|Any CPU
		{1728EF66-D1CF-4840-AD8D-762720F5FE10}.Release|Any CPU.Build.0 = Release|Any CPU
		{107A0C46-9601-40D2-ABE9-F84023BB1A84}.Debug|Any CPU.ActiveCfg = Debug|Any CPU
		{107A0C46-9601-40D2-ABE9-F84023BB1A84}.Debug|Any CPU.Build.0 = Debug|Any CPU
		{107A0C46-9601-40D2-ABE9-F84023BB1A84}.Release|Any CPU.ActiveCfg = Release|Any CPU
		{107A0C46-9601-40D2-ABE9-F84023BB1A84}.Release|Any CPU.Build.0 = Release|Any CPU
		{872EECC8-35ED-4FBB-AF9A-7CE7BDC920E7}.Debug|Any CPU.ActiveCfg = Debug|Any CPU
		{872EECC8-35ED-4FBB-AF9A-7CE7BDC920E7}.Debug|Any CPU.Build.0 = Debug|Any CPU
		{872EECC8-35ED-4FBB-AF9A-7CE7BDC920E7}.Release|Any CPU.ActiveCfg = Release|Any CPU
		{872EECC8-35ED-4FBB-AF9A-7CE7BDC920E7}.Release|Any CPU.Build.0 = Release|Any CPU
	EndGlobalSection
	GlobalSection(SolutionProperties) = preSolution
		HideSolutionNode = FALSE
	EndGlobalSection
	GlobalSection(ExtensibilityGlobals) = postSolution
		SolutionGuid = {96B56BCB-1F4B-4319-991B-1BABA2FB5443}
	EndGlobalSection
EndGlobal
